
Microsoft Visual Studio Solution File, Format Version 12.00
# Visual Studio 15
Project("{FAE04EC0-301F-11D3-BF4B-00C04F79EFBC}") = "Assembly-CSharp", "Assembly-CSharp.csproj", "{B15DC419-1B82-4769-6CFB-C49CBF4297D4}"
EndProject
Project("{FAE04EC0-301F-11D3-BF4B-00C04F79EFBC}") = "Assembly-CSharp-Editor", "Assembly-CSharp-Editor.csproj", "{959064FE-F34E-C5C6-0644-E39928C12970}"
EndProject
Global
	GlobalSection(SolutionConfigurationPlatforms) = preSolution
		Debug|Any CPU = Debug|Any CPU
		Release|Any CPU = Release|Any CPU
	EndGlobalSection
	GlobalSection(ProjectConfigurationPlatforms) = postSolution
		{B15DC419-1B82-4769-6CFB-C49CBF4297D4}.Debug|Any CPU.ActiveCfg = Debug|Any CPU
		{B15DC419-1B82-4769-6CFB-C49CBF4297D4}.Debug|Any CPU.Build.0 = Debug|Any CPU
		{B15DC419-1B82-4769-6CFB-C49CBF4297D4}.Release|Any CPU.ActiveCfg = Release|Any CPU
		{B15DC419-1B82-4769-6CFB-C49CBF4297D4}.Release|Any CPU.Build.0 = Release|Any CPU
		{959064FE-F34E-C5C6-0644-E39928C12970}.Debug|Any CPU.ActiveCfg = Debug|Any CPU
		{959064FE-F34E-C5C6-0644-E39928C12970}.Debug|Any CPU.Build.0 = Debug|Any CPU
		{959064FE-F34E-C5C6-0644-E39928C12970}.Release|Any CPU.ActiveCfg = Release|Any CPU
		{959064FE-F34E-C5C6-0644-E39928C12970}.Release|Any CPU.Build.0 = Release|Any CPU
	EndGlobalSection
	GlobalSection(SolutionProperties) = preSolution
		HideSolutionNode = FALSE
	EndGlobalSection
EndGlobal
